
Microsoft Visual Studio Solution File, Format Version 12.00
# Visual Studio Version 17
VisualStudioVersion = 17.3.32825.248
MinimumVisualStudioVersion = 10.0.40219.1
Project("{FAE04EC0-301F-11D3-BF4B-00C04F79EFBC}") = "WSEg2", "WSEg2\WSEg2.csproj", "{BB533116-5F83-4A95-9281-C73775E09A89}"
EndProject
Project("{FAE04EC0-301F-11D3-BF4B-00C04F79EFBC}") = "CustomerClient_WebApplication", "CustomerClient_WebApplication\CustomerClient_WebApplication.csproj", "{0C505604-D6CC-4D05-9212-00D48E03CBA6}"
	ProjectSection(ProjectDependencies) = postProject
		{BB533116-5F83-4A95-9281-C73775E09A89} = {BB533116-5F83-4A95-9281-C73775E09A89}
	EndProjectSection
EndProject
Global
	GlobalSection(SolutionConfigurationPlatforms) = preSolution
		Debug|Any CPU = Debug|Any CPU
		Release|Any CPU = Release|Any CPU
	EndGlobalSection
	GlobalSection(ProjectConfigurationPlatforms) = postSolution
		{BB533116-5F83-4A95-9281-C73775E09A89}.Debug|Any CPU.ActiveCfg = Debug|Any CPU
		{BB533116-5F83-4A95-9281-C73775E09A89}.Debug|Any CPU.Build.0 = Debug|Any CPU
		{BB533116-5F83-4A95-9281-C73775E09A89}.Release|Any CPU.ActiveCfg = Release|Any CPU
		{BB533116-5F83-4A95-9281-C73775E09A89}.Release|Any CPU.Build.0 = Release|Any CPU
		{0C505604-D6CC-4D05-9212-00D48E03CBA6}.Debug|Any CPU.ActiveCfg = Debug|Any CPU
		{0C505604-D6CC-4D05-9212-00D48E03CBA6}.Debug|Any CPU.Build.0 = Debug|Any CPU
		{0C505604-D6CC-4D05-9212-00D48E03CBA6}.Release|Any CPU.ActiveCfg = Release|Any CPU
		{0C505604-D6CC-4D05-9212-00D48E03CBA6}.Release|Any CPU.Build.0 = Release|Any CPU
	EndGlobalSection
	GlobalSection(SolutionProperties) = preSolution
		HideSolutionNode = FALSE
	EndGlobalSection
	GlobalSection(ExtensibilityGlobals) = postSolution
		SolutionGuid = {8F662C84-CE41-4912-B5A2-067B9AEB5FC8}
	EndGlobalSection
EndGlobal
